Microsoft Visual Studio Solution File, Format Version 12.00
# Visual Studio Version 17
VisualStudioVersion = 17.5.2.0
MinimumVisualStudioVersion = 10.0.40219.1
Project("{FAE04EC0-301F-11D3-BF4B-00C04F79EFBC}") = "Experiment_4", "Experiment_4.csproj", "{27E7AA96-6BA0-4C18-3BEF-26C30E201535}"
EndProject
Global
	GlobalSection(SolutionConfigurationPlatforms) = preSolution
		Debug|Any CPU = Debug|Any CPU
		Release|Any CPU = Release|Any CPU
	EndGlobalSection
	GlobalSection(ProjectConfigurationPlatforms) = postSolution
		{27E7AA96-6BA0-4C18-3BEF-26C30E201535}.Debug|Any CPU.ActiveCfg = Debug|Any CPU
		{27E7AA96-6BA0-4C18-3BEF-26C30E201535}.Debug|Any CPU.Build.0 = Debug|Any CPU
		{27E7AA96-6BA0-4C18-3BEF-26C30E201535}.Release|Any CPU.ActiveCfg = Release|Any CPU
		{27E7AA96-6BA0-4C18-3BEF-26C30E201535}.Release|Any CPU.Build.0 = Release|Any CPU
	EndGlobalSection
	GlobalSection(SolutionProperties) = preSolution
		HideSolutionNode = FALSE
	EndGlobalSection
	GlobalSection(ExtensibilityGlobals) = postSolution
		SolutionGuid = {5224A307-5C77-4D95-AFF4-25357B8A43F1}
	EndGlobalSection
EndGlobal
